
Microsoft Visual Studio Solution File, Format Version 12.00
Project("{FAE04EC0-301F-11D3-BF4B-00C04F79EFBC}") = "number_operations", "number_operations\number_operations.csproj", "{C15ED587-512A-4833-8259-89465460178E}"
EndProject
Global
	GlobalSection(SolutionConfigurationPlatforms) = preSolution
		Debug|Any CPU = Debug|Any CPU
		Release|Any CPU = Release|Any CPU
	EndGlobalSection
	GlobalSection(ProjectConfigurationPlatforms) = postSolution
		{C15ED587-512A-4833-8259-89465460178E}.Debug|Any CPU.ActiveCfg = Debug|Any CPU
		{C15ED587-512A-4833-8259-89465460178E}.Debug|Any CPU.Build.0 = Debug|Any CPU
		{C15ED587-512A-4833-8259-89465460178E}.Release|Any CPU.ActiveCfg = Release|Any CPU
		{C15ED587-512A-4833-8259-89465460178E}.Release|Any CPU.Build.0 = Release|Any CPU
	EndGlobalSection
EndGlobal
